
Microsoft Visual Studio Solution File, Format Version 12.00
# Visual Studio 15
VisualStudioVersion = 15.0.27130.2010
MinimumVisualStudioVersion = 10.0.40219.1
Project("{8BC9CEB8-8B4A-11D0-8D11-00A0C91BC942}") = "Continue_Horton", "Continue_Horton\Continue_Horton.vcxproj", "{DF602A4A-1AAB-400F-957B-E4FD75190B7A}"
EndProject
Global
	GlobalSection(SolutionConfigurationPlatforms) = preSolution
		Debug|x64 = Debug|x64
		Debug|x86 = Debug|x86
		Release|x64 = Release|x64
		Release|x86 = Release|x86
	EndGlobalSection
	GlobalSection(ProjectConfigurationPlatforms) = postSolution
		{DF602A4A-1AAB-400F-957B-E4FD75190B7A}.Debug|x64.ActiveCfg = Debug|x64
		{DF602A4A-1AAB-400F-957B-E4FD75190B7A}.Debug|x64.Build.0 = Debug|x64
		{DF602A4A-1AAB-400F-957B-E4FD75190B7A}.Debug|x86.ActiveCfg = Debug|Win32
		{DF602A4A-1AAB-400F-957B-E4FD75190B7A}.Debug|x86.Build.0 = Debug|Win32
		{DF602A4A-1AAB-400F-957B-E4FD75190B7A}.Release|x64.ActiveCfg = Release|x64
		{DF602A4A-1AAB-400F-957B-E4FD75190B7A}.Release|x64.Build.0 = Release|x64
		{DF602A4A-1AAB-400F-957B-E4FD75190B7A}.Release|x86.ActiveCfg = Release|Win32
		{DF602A4A-1AAB-400F-957B-E4FD75190B7A}.Release|x86.Build.0 = Release|Win32
	EndGlobalSection
	GlobalSection(SolutionProperties) = preSolution
		HideSolutionNode = FALSE
	EndGlobalSection
	GlobalSection(ExtensibilityGlobals) = postSolution
		SolutionGuid = {4C42CF77-915D-4AE0-A045-185CA8F00ABE}
	EndGlobalSection
EndGlobal
